
Microsoft Visual Studio Solution File, Format Version 12.00
# Visual Studio Version 17
VisualStudioVersion = 17.5.33516.290
MinimumVisualStudioVersion = 10.0.40219.1
Project("{FAE04EC0-301F-11D3-BF4B-00C04F79EFBC}") = "Metotlar", "Metotlar.csproj", "{BAB6AAC1-89A8-4E68-A1A1-ED607D3B8EFF}"
EndProject
Project("{FAE04EC0-301F-11D3-BF4B-00C04F79EFBC}") = "MetotGenelTanım", "..\MetotGenelTanım\MetotGenelTanım.csproj", "{68E57F2F-DDD7-45DF-93D5-F30C3ADE6CE8}"
EndProject
Project("{FAE04EC0-301F-11D3-BF4B-00C04F79EFBC}") = "Degerler", "..\Degerler\Degerler.csproj", "{DB399786-E009-42BA-850F-3B97FB30C25F}"
EndProject
Project("{FAE04EC0-301F-11D3-BF4B-00C04F79EFBC}") = "NotHesaplama", "..\NotHesaplama\NotHesaplama.csproj", "{F6D52EAF-4005-4330-B109-5910503ADFB6}"
EndProject
Project("{FAE04EC0-301F-11D3-BF4B-00C04F79EFBC}") = "Çeviri", "..\Çeviri\Çeviri.csproj", "{E3BA65E6-392E-4CF0-A5A7-1DD87DDDA4B8}"
EndProject
Global
	GlobalSection(SolutionConfigurationPlatforms) = preSolution
		Debug|Any CPU = Debug|Any CPU
		Release|Any CPU = Release|Any CPU
	EndGlobalSection
	GlobalSection(ProjectConfigurationPlatforms) = postSolution
		{BAB6AAC1-89A8-4E68-A1A1-ED607D3B8EFF}.Debug|Any CPU.ActiveCfg = Debug|Any CPU
		{BAB6AAC1-89A8-4E68-A1A1-ED607D3B8EFF}.Debug|Any CPU.Build.0 = Debug|Any CPU
		{BAB6AAC1-89A8-4E68-A1A1-ED607D3B8EFF}.Release|Any CPU.ActiveCfg = Release|Any CPU
		{BAB6AAC1-89A8-4E68-A1A1-ED607D3B8EFF}.Release|Any CPU.Build.0 = Release|Any CPU
		{68E57F2F-DDD7-45DF-93D5-F30C3ADE6CE8}.Debug|Any CPU.ActiveCfg = Debug|Any CPU
		{68E57F2F-DDD7-45DF-93D5-F30C3ADE6CE8}.Debug|Any CPU.Build.0 = Debug|Any CPU
		{68E57F2F-DDD7-45DF-93D5-F30C3ADE6CE8}.Release|Any CPU.ActiveCfg = Release|Any CPU
		{68E57F2F-DDD7-45DF-93D5-F30C3ADE6CE8}.Release|Any CPU.Build.0 = Release|Any CPU
		{DB399786-E009-42BA-850F-3B97FB30C25F}.Debug|Any CPU.ActiveCfg = Debug|Any CPU
		{DB399786-E009-42BA-850F-3B97FB30C25F}.Debug|Any CPU.Build.0 = Debug|Any CPU
		{DB399786-E009-42BA-850F-3B97FB30C25F}.Release|Any CPU.ActiveCfg = Release|Any CPU
		{DB399786-E009-42BA-850F-3B97FB30C25F}.Release|Any CPU.Build.0 = Release|Any CPU
		{F6D52EAF-4005-4330-B109-5910503ADFB6}.Debug|Any CPU.ActiveCfg = Debug|Any CPU
		{F6D52EAF-4005-4330-B109-5910503ADFB6}.Debug|Any CPU.Build.0 = Debug|Any CPU
		{F6D52EAF-4005-4330-B109-5910503ADFB6}.Release|Any CPU.ActiveCfg = Release|Any CPU
		{F6D52EAF-4005-4330-B109-5910503ADFB6}.Release|Any CPU.Build.0 = Release|Any CPU
		{E3BA65E6-392E-4CF0-A5A7-1DD87DDDA4B8}.Debug|Any CPU.ActiveCfg = Debug|Any CPU
		{E3BA65E6-392E-4CF0-A5A7-1DD87DDDA4B8}.Debug|Any CPU.Build.0 = Debug|Any CPU
		{E3BA65E6-392E-4CF0-A5A7-1DD87DDDA4B8}.Release|Any CPU.ActiveCfg = Release|Any CPU
		{E3BA65E6-392E-4CF0-A5A7-1DD87DDDA4B8}.Release|Any CPU.Build.0 = Release|Any CPU
	EndGlobalSection
	GlobalSection(SolutionProperties) = preSolution
		HideSolutionNode = FALSE
	EndGlobalSection
	GlobalSection(ExtensibilityGlobals) = postSolution
		SolutionGuid = {B1459187-8798-4A9F-B545-9CB8702D4787}
	EndGlobalSection
EndGlobal
